
Microsoft Visual Studio Solution File, Format Version 12.00
# Visual Studio Version 17
VisualStudioVersion = 17.1.32319.34
MinimumVisualStudioVersion = 10.0.40219.1
Project("{9A19103F-16F7-4668-BE54-9A1E7A4F7556}") = "AssetManagementSystem_WebApi", "AssetManagementSystem_WebApi\AssetManagementSystem_WebApi.csproj", "{FFB8CA07-EBC6-4C24-88AC-87D40DB353BC}"
EndProject
Project("{2150E333-8FDC-42A3-9474-1A3956D46DE8}") = "Solution Items", "Solution Items", "{A99349F9-5A76-49C9-BB27-EA4E241B6B0C}"
	ProjectSection(SolutionItems) = preProject
		.editorconfig = .editorconfig
	EndProjectSection
EndProject
Project("{9A19103F-16F7-4668-BE54-9A1E7A4F7556}") = "AssetManagementSystem_MVC", "AssetManagementSystem_MVC\AssetManagementSystem_MVC.csproj", "{430425BC-56E9-415E-92C4-98B66AD995DA}"
EndProject
Global
	GlobalSection(SolutionConfigurationPlatforms) = preSolution
		Debug|Any CPU = Debug|Any CPU
		Release|Any CPU = Release|Any CPU
	EndGlobalSection
	GlobalSection(ProjectConfigurationPlatforms) = postSolution
		{FFB8CA07-EBC6-4C24-88AC-87D40DB353BC}.Debug|Any CPU.ActiveCfg = Debug|Any CPU
		{FFB8CA07-EBC6-4C24-88AC-87D40DB353BC}.Debug|Any CPU.Build.0 = Debug|Any CPU
		{FFB8CA07-EBC6-4C24-88AC-87D40DB353BC}.Release|Any CPU.ActiveCfg = Release|Any CPU
		{FFB8CA07-EBC6-4C24-88AC-87D40DB353BC}.Release|Any CPU.Build.0 = Release|Any CPU
		{430425BC-56E9-415E-92C4-98B66AD995DA}.Debug|Any CPU.ActiveCfg = Debug|Any CPU
		{430425BC-56E9-415E-92C4-98B66AD995DA}.Debug|Any CPU.Build.0 = Debug|Any CPU
		{430425BC-56E9-415E-92C4-98B66AD995DA}.Release|Any CPU.ActiveCfg = Release|Any CPU
		{430425BC-56E9-415E-92C4-98B66AD995DA}.Release|Any CPU.Build.0 = Release|Any CPU
	EndGlobalSection
	GlobalSection(SolutionProperties) = preSolution
		HideSolutionNode = FALSE
	EndGlobalSection
	GlobalSection(ExtensibilityGlobals) = postSolution
		SolutionGuid = {01D24339-8B08-4EB1-93D9-107F2DDE6A92}
	EndGlobalSection
EndGlobal
